{
  "name": "phonenumbervalidator",
  "version": "1.0.0",
  "lockfileVersion": 3,
  "requires": true,
  "packages": {
    "": {
      "name": "phonenumbervalidator",
      "version": "1.0.0",
      "license": "ISC",
      "dependencies": {
        "google-libphonenumber": "^3.2.40"
      }
    },
    "node_modules/google-libphonenumber": {
      "version": "3.2.40",
      "resolved": "https://registry.npmjs.org/google-libphonenumber/-/google-libphonenumber-3.2.40.tgz",
      "integrity": "sha512-bzGxX/vfggcV80LVcibki+JvR91x6zHpBpovDXSfmZUGn6uLzhbYXsWll2a80EG6qTmvf8lt7KZZ/pkMml8ckw==",
      "engines": {
        "node": ">=0.10"
      }
    }
  }
}
